<Solution>
  <Configurations>
    <Platform Name="x64" />
    <Platform Name="x86" />
  </Configurations>
  <Project Path="1_2_GoogleTest/1_2_GoogleTest.vcxproj" Id="a3080010-367f-450a-b900-7bb1473768a7" />
  <Project Path="UnitTest_DoublyLinkedList/UnitTest_DoublyLinkedList.vcxproj" Id="e937b7e3-d294-4854-a56a-a37da58e91ad" />
</Solution>
